
Microsoft Visual Studio Solution File, Format Version 12.00
# Visual Studio 2015
Project("{FAE04EC0-301F-11D3-BF4B-00C04F79EFBC}") = "Visualizer.CSharp.Plugins", "Visualizer.CSharp.Plugins.csproj", "{42C527E6-1293-F91A-9B8F-9AE4646339AA}"
EndProject
Project("{FAE04EC0-301F-11D3-BF4B-00C04F79EFBC}") = "Visualizer.CSharp", "Visualizer.CSharp.csproj", "{C0060046-4C5F-B5C9-7DEB-D6F2670F5701}"
EndProject
Project("{FAE04EC0-301F-11D3-BF4B-00C04F79EFBC}") = "Visualizer.CSharp.Editor", "Visualizer.CSharp.Editor.csproj", "{A19E28A9-45A7-0BCD-DFC5-AD0E7FCEA8A1}"
EndProject
Global
	GlobalSection(SolutionConfigurationPlatforms) = preSolution
		Debug|Any CPU = Debug|Any CPU
		Release|Any CPU = Release|Any CPU
	EndGlobalSection
	GlobalSection(ProjectConfigurationPlatforms) = postSolution
		{42C527E6-1293-F91A-9B8F-9AE4646339AA}.Debug|Any CPU.ActiveCfg = Debug|Any CPU
		{42C527E6-1293-F91A-9B8F-9AE4646339AA}.Debug|Any CPU.Build.0 = Debug|Any CPU
		{42C527E6-1293-F91A-9B8F-9AE4646339AA}.Release|Any CPU.ActiveCfg = Release|Any CPU
		{42C527E6-1293-F91A-9B8F-9AE4646339AA}.Release|Any CPU.Build.0 = Release|Any CPU
		{C0060046-4C5F-B5C9-7DEB-D6F2670F5701}.Debug|Any CPU.ActiveCfg = Debug|Any CPU
		{C0060046-4C5F-B5C9-7DEB-D6F2670F5701}.Debug|Any CPU.Build.0 = Debug|Any CPU
		{C0060046-4C5F-B5C9-7DEB-D6F2670F5701}.Release|Any CPU.ActiveCfg = Release|Any CPU
		{C0060046-4C5F-B5C9-7DEB-D6F2670F5701}.Release|Any CPU.Build.0 = Release|Any CPU
		{A19E28A9-45A7-0BCD-DFC5-AD0E7FCEA8A1}.Debug|Any CPU.ActiveCfg = Debug|Any CPU
		{A19E28A9-45A7-0BCD-DFC5-AD0E7FCEA8A1}.Debug|Any CPU.Build.0 = Debug|Any CPU
		{A19E28A9-45A7-0BCD-DFC5-AD0E7FCEA8A1}.Release|Any CPU.ActiveCfg = Release|Any CPU
		{A19E28A9-45A7-0BCD-DFC5-AD0E7FCEA8A1}.Release|Any CPU.Build.0 = Release|Any CPU
	EndGlobalSection
	GlobalSection(SolutionProperties) = preSolution
		HideSolutionNode = FALSE
	EndGlobalSection
EndGlobal
